
Microsoft Visual Studio Solution File, Format Version 12.00
# Visual Studio 15
VisualStudioVersion = 15.0.28010.2050
MinimumVisualStudioVersion = 10.0.40219.1
Project("{FAE04EC0-301F-11D3-BF4B-00C04F79EFBC}") = "MVCApplication1", "MVCApplication1\MVCApplication1.csproj", "{D27CB98B-A5D5-42BD-B261-7A705B60DD7D}"
EndProject
Global
	GlobalSection(SolutionConfigurationPlatforms) = preSolution
		Debug|Any CPU = Debug|Any CPU
		Release|Any CPU = Release|Any CPU
	EndGlobalSection
	GlobalSection(ProjectConfigurationPlatforms) = postSolution
		{D27CB98B-A5D5-42BD-B261-7A705B60DD7D}.Debug|Any CPU.ActiveCfg = Debug|Any CPU
		{D27CB98B-A5D5-42BD-B261-7A705B60DD7D}.Debug|Any CPU.Build.0 = Debug|Any CPU
		{D27CB98B-A5D5-42BD-B261-7A705B60DD7D}.Release|Any CPU.ActiveCfg = Release|Any CPU
		{D27CB98B-A5D5-42BD-B261-7A705B60DD7D}.Release|Any CPU.Build.0 = Release|Any CPU
	EndGlobalSection
	GlobalSection(SolutionProperties) = preSolution
		HideSolutionNode = FALSE
	EndGlobalSection
	GlobalSection(ExtensibilityGlobals) = postSolution
		SolutionGuid = {C8A66765-B462-4256-89F3-374091715AB3}
	EndGlobalSection
EndGlobal
